
Microsoft Visual Studio Solution File, Format Version 12.00
# Visual Studio 2013
VisualStudioVersion = 12.0.31101.0
MinimumVisualStudioVersion = 10.0.40219.1
Project("{FAE04EC0-301F-11D3-BF4B-00C04F79EFBC}") = "test8", "test8\test8.csproj", "{254B7945-35ED-45E2-891D-8C8FD4B91790}"
EndProject
Global
	GlobalSection(SolutionConfigurationPlatforms) = preSolution
		Debug|Any CPU = Debug|Any CPU
		Release|Any CPU = Release|Any CPU
	EndGlobalSection
	GlobalSection(ProjectConfigurationPlatforms) = postSolution
		{254B7945-35ED-45E2-891D-8C8FD4B91790}.Debug|Any CPU.ActiveCfg = Debug|Any CPU
		{254B7945-35ED-45E2-891D-8C8FD4B91790}.Debug|Any CPU.Build.0 = Debug|Any CPU
		{254B7945-35ED-45E2-891D-8C8FD4B91790}.Release|Any CPU.ActiveCfg = Release|Any CPU
		{254B7945-35ED-45E2-891D-8C8FD4B91790}.Release|Any CPU.Build.0 = Release|Any CPU
	EndGlobalSection
	GlobalSection(SolutionProperties) = preSolution
		HideSolutionNode = FALSE
	EndGlobalSection
EndGlobal
