
Microsoft Visual Studio Solution File, Format Version 12.00
# Visual Studio 2013
VisualStudioVersion = 12.0.31101.0
MinimumVisualStudioVersion = 10.0.40219.1
Project("{FAE04EC0-301F-11D3-BF4B-00C04F79EFBC}") = "test7", "test7\test7.csproj", "{DA3A9BA0-5C7A-42F4-B198-28F4D733135D}"
EndProject
Global
	GlobalSection(SolutionConfigurationPlatforms) = preSolution
		Debug|Any CPU = Debug|Any CPU
		Release|Any CPU = Release|Any CPU
	EndGlobalSection
	GlobalSection(ProjectConfigurationPlatforms) = postSolution
		{DA3A9BA0-5C7A-42F4-B198-28F4D733135D}.Debug|Any CPU.ActiveCfg = Debug|Any CPU
		{DA3A9BA0-5C7A-42F4-B198-28F4D733135D}.Debug|Any CPU.Build.0 = Debug|Any CPU
		{DA3A9BA0-5C7A-42F4-B198-28F4D733135D}.Release|Any CPU.ActiveCfg = Release|Any CPU
		{DA3A9BA0-5C7A-42F4-B198-28F4D733135D}.Release|Any CPU.Build.0 = Release|Any CPU
	EndGlobalSection
	GlobalSection(SolutionProperties) = preSolution
		HideSolutionNode = FALSE
	EndGlobalSection
EndGlobal
